
Microsoft Visual Studio Solution File, Format Version 12.00
# Visual Studio Version 16
VisualStudioVersion = 16.0.31424.327
MinimumVisualStudioVersion = 10.0.40219.1
Project("{FAE04EC0-301F-11D3-BF4B-00C04F79EFBC}") = "BlazorProject.Server", "BlazorProject\Server\BlazorProject.Server.csproj", "{431CF9FC-4527-449A-8BCD-79D7A2BAF1E6}"
EndProject
Project("{FAE04EC0-301F-11D3-BF4B-00C04F79EFBC}") = "BlazorProject.Client", "BlazorProject\Client\BlazorProject.Client.csproj", "{FDE94FFC-059C-43F9-8F33-EB49F1953843}"
EndProject
Project("{FAE04EC0-301F-11D3-BF4B-00C04F79EFBC}") = "BlazorProject.Shared", "BlazorProject\Shared\BlazorProject.Shared.csproj", "{92009B87-A2A1-41F4-9442-19AF52E7F775}"
EndProject
Global
	GlobalSection(SolutionConfigurationPlatforms) = preSolution
		Debug|Any CPU = Debug|Any CPU
		Release|Any CPU = Release|Any CPU
	EndGlobalSection
	GlobalSection(ProjectConfigurationPlatforms) = postSolution
		{431CF9FC-4527-449A-8BCD-79D7A2BAF1E6}.Debug|Any CPU.ActiveCfg = Debug|Any CPU
		{431CF9FC-4527-449A-8BCD-79D7A2BAF1E6}.Debug|Any CPU.Build.0 = Debug|Any CPU
		{431CF9FC-4527-449A-8BCD-79D7A2BAF1E6}.Release|Any CPU.ActiveCfg = Release|Any CPU
		{431CF9FC-4527-449A-8BCD-79D7A2BAF1E6}.Release|Any CPU.Build.0 = Release|Any CPU
		{FDE94FFC-059C-43F9-8F33-EB49F1953843}.Debug|Any CPU.ActiveCfg = Debug|Any CPU
		{FDE94FFC-059C-43F9-8F33-EB49F1953843}.Debug|Any CPU.Build.0 = Debug|Any CPU
		{FDE94FFC-059C-43F9-8F33-EB49F1953843}.Release|Any CPU.ActiveCfg = Release|Any CPU
		{FDE94FFC-059C-43F9-8F33-EB49F1953843}.Release|Any CPU.Build.0 = Release|Any CPU
		{92009B87-A2A1-41F4-9442-19AF52E7F775}.Debug|Any CPU.ActiveCfg = Debug|Any CPU
		{92009B87-A2A1-41F4-9442-19AF52E7F775}.Debug|Any CPU.Build.0 = Debug|Any CPU
		{92009B87-A2A1-41F4-9442-19AF52E7F775}.Release|Any CPU.ActiveCfg = Release|Any CPU
		{92009B87-A2A1-41F4-9442-19AF52E7F775}.Release|Any CPU.Build.0 = Release|Any CPU
	EndGlobalSection
	GlobalSection(SolutionProperties) = preSolution
		HideSolutionNode = FALSE
	EndGlobalSection
	GlobalSection(ExtensibilityGlobals) = postSolution
		SolutionGuid = {364A73B5-6D55-44E3-A7B0-634A198D4DAB}
	EndGlobalSection
EndGlobal
